
Microsoft Visual Studio Solution File, Format Version 12.00
# Visual Studio 15
VisualStudioVersion = 15.0.27703.2042
MinimumVisualStudioVersion = 10.0.40219.1
Project("{FAE04EC0-301F-11D3-BF4B-00C04F79EFBC}") = "ContraApplication", "ContraApplication\ContraApplication.csproj", "{5A03E7C5-E97C-4A5C-BD35-425F5779A9E0}"
EndProject
Project("{FAE04EC0-301F-11D3-BF4B-00C04F79EFBC}") = "ContraControllers", "ContraControllers\ContraControllers.csproj", "{499452F8-6730-4CE7-87C1-43391E6868EA}"
EndProject
Project("{FAE04EC0-301F-11D3-BF4B-00C04F79EFBC}") = "ContraViewers", "ContraViewers\ContraViewers.csproj", "{03D46111-BA75-48F9-B982-5BD3BA9AB71A}"
EndProject
Project("{FAE04EC0-301F-11D3-BF4B-00C04F79EFBC}") = "ContraModels", "ContraModels\ContraModels.csproj", "{3C172919-724C-41E3-82C1-E013E871EEE5}"
EndProject
Global
	GlobalSection(SolutionConfigurationPlatforms) = preSolution
		Debug|Any CPU = Debug|Any CPU
		Release|Any CPU = Release|Any CPU
	EndGlobalSection
	GlobalSection(ProjectConfigurationPlatforms) = postSolution
		{5A03E7C5-E97C-4A5C-BD35-425F5779A9E0}.Debug|Any CPU.ActiveCfg = Debug|Any CPU
		{5A03E7C5-E97C-4A5C-BD35-425F5779A9E0}.Debug|Any CPU.Build.0 = Debug|Any CPU
		{5A03E7C5-E97C-4A5C-BD35-425F5779A9E0}.Release|Any CPU.ActiveCfg = Release|Any CPU
		{5A03E7C5-E97C-4A5C-BD35-425F5779A9E0}.Release|Any CPU.Build.0 = Release|Any CPU
		{499452F8-6730-4CE7-87C1-43391E6868EA}.Debug|Any CPU.ActiveCfg = Debug|Any CPU
		{499452F8-6730-4CE7-87C1-43391E6868EA}.Debug|Any CPU.Build.0 = Debug|Any CPU
		{499452F8-6730-4CE7-87C1-43391E6868EA}.Release|Any CPU.ActiveCfg = Release|Any CPU
		{499452F8-6730-4CE7-87C1-43391E6868EA}.Release|Any CPU.Build.0 = Release|Any CPU
		{03D46111-BA75-48F9-B982-5BD3BA9AB71A}.Debug|Any CPU.ActiveCfg = Debug|Any CPU
		{03D46111-BA75-48F9-B982-5BD3BA9AB71A}.Debug|Any CPU.Build.0 = Debug|Any CPU
		{03D46111-BA75-48F9-B982-5BD3BA9AB71A}.Release|Any CPU.ActiveCfg = Release|Any CPU
		{03D46111-BA75-48F9-B982-5BD3BA9AB71A}.Release|Any CPU.Build.0 = Release|Any CPU
		{3C172919-724C-41E3-82C1-E013E871EEE5}.Debug|Any CPU.ActiveCfg = Debug|Any CPU
		{3C172919-724C-41E3-82C1-E013E871EEE5}.Debug|Any CPU.Build.0 = Debug|Any CPU
		{3C172919-724C-41E3-82C1-E013E871EEE5}.Release|Any CPU.ActiveCfg = Release|Any CPU
		{3C172919-724C-41E3-82C1-E013E871EEE5}.Release|Any CPU.Build.0 = Release|Any CPU
	EndGlobalSection
	GlobalSection(SolutionProperties) = preSolution
		HideSolutionNode = FALSE
	EndGlobalSection
	GlobalSection(ExtensibilityGlobals) = postSolution
		SolutionGuid = {C6CC5170-1B3C-4E92-94A2-26411CBD9DB6}
	EndGlobalSection
EndGlobal
